
Microsoft Visual Studio Solution File, Format Version 12.00
# Visual Studio Version 17
VisualStudioVersion = 17.9.34701.34
MinimumVisualStudioVersion = 10.0.40219.1
Project("{9A19103F-16F7-4668-BE54-9A1E7A4F7556}") = "Matrix2DConsoleApp", "ConsoleApp1\Matrix2DConsoleApp.csproj", "{F538B18B-4D4F-4F74-B30B-0D82CC5C4A9D}"
EndProject
Project("{FAE04EC0-301F-11D3-BF4B-00C04F79EFBC}") = "Matrix2DLib", "Matrix2DLib\Matrix2DLib.csproj", "{E79FFCE3-94BD-46F2-8935-1AE15A3297F2}"
EndProject
Project("{FAE04EC0-301F-11D3-BF4B-00C04F79EFBC}") = "Matrix2DUnitTests", "Matrix2DUnitTests\Matrix2DUnitTests.csproj", "{F226B3DE-648E-4EEA-8DF4-4CDDDB11F59E}"
EndProject
Global
	GlobalSection(SolutionConfigurationPlatforms) = preSolution
		Debug|Any CPU = Debug|Any CPU
		Release|Any CPU = Release|Any CPU
	EndGlobalSection
	GlobalSection(ProjectConfigurationPlatforms) = postSolution
		{F538B18B-4D4F-4F74-B30B-0D82CC5C4A9D}.Debug|Any CPU.ActiveCfg = Debug|Any CPU
		{F538B18B-4D4F-4F74-B30B-0D82CC5C4A9D}.Debug|Any CPU.Build.0 = Debug|Any CPU
		{F538B18B-4D4F-4F74-B30B-0D82CC5C4A9D}.Release|Any CPU.ActiveCfg = Release|Any CPU
		{F538B18B-4D4F-4F74-B30B-0D82CC5C4A9D}.Release|Any CPU.Build.0 = Release|Any CPU
		{E79FFCE3-94BD-46F2-8935-1AE15A3297F2}.Debug|Any CPU.ActiveCfg = Debug|Any CPU
		{E79FFCE3-94BD-46F2-8935-1AE15A3297F2}.Debug|Any CPU.Build.0 = Debug|Any CPU
		{E79FFCE3-94BD-46F2-8935-1AE15A3297F2}.Release|Any CPU.ActiveCfg = Release|Any CPU
		{E79FFCE3-94BD-46F2-8935-1AE15A3297F2}.Release|Any CPU.Build.0 = Release|Any CPU
		{F226B3DE-648E-4EEA-8DF4-4CDDDB11F59E}.Debug|Any CPU.ActiveCfg = Debug|Any CPU
		{F226B3DE-648E-4EEA-8DF4-4CDDDB11F59E}.Debug|Any CPU.Build.0 = Debug|Any CPU
		{F226B3DE-648E-4EEA-8DF4-4CDDDB11F59E}.Release|Any CPU.ActiveCfg = Release|Any CPU
		{F226B3DE-648E-4EEA-8DF4-4CDDDB11F59E}.Release|Any CPU.Build.0 = Release|Any CPU
	EndGlobalSection
	GlobalSection(SolutionProperties) = preSolution
		HideSolutionNode = FALSE
	EndGlobalSection
	GlobalSection(ExtensibilityGlobals) = postSolution
		SolutionGuid = {DAA53ADC-0022-448A-8A27-4E642540B9DF}
	EndGlobalSection
EndGlobal
